
Microsoft Visual Studio Solution File, Format Version 12.00
# Visual Studio Version 16
VisualStudioVersion = 16.0.29201.188
MinimumVisualStudioVersion = 10.0.40219.1
Project("{FAE04EC0-301F-11D3-BF4B-00C04F79EFBC}") = "PrograFinal", "PrograFinal\PrograFinal.csproj", "{F3A060A0-DA88-4579-94F8-33960DA46F89}"
EndProject
Global
	GlobalSection(SolutionConfigurationPlatforms) = preSolution
		Debug|Any CPU = Debug|Any CPU
		Release|Any CPU = Release|Any CPU
	EndGlobalSection
	GlobalSection(ProjectConfigurationPlatforms) = postSolution
		{F3A060A0-DA88-4579-94F8-33960DA46F89}.Debug|Any CPU.ActiveCfg = Debug|Any CPU
		{F3A060A0-DA88-4579-94F8-33960DA46F89}.Debug|Any CPU.Build.0 = Debug|Any CPU
		{F3A060A0-DA88-4579-94F8-33960DA46F89}.Release|Any CPU.ActiveCfg = Release|Any CPU
		{F3A060A0-DA88-4579-94F8-33960DA46F89}.Release|Any CPU.Build.0 = Release|Any CPU
	EndGlobalSection
	GlobalSection(SolutionProperties) = preSolution
		HideSolutionNode = FALSE
	EndGlobalSection
	GlobalSection(ExtensibilityGlobals) = postSolution
		SolutionGuid = {05A8C7F0-A8F3-4DAF-891B-67081B6FD745}
	EndGlobalSection
EndGlobal
